// !$*UTF8*$!
{
	archiveVersion = 1;
	classes = {
	};
	objectVersion = 46;
	objects = {

/* Begin PBXBuildFile section */
		188B13C71C0DEA83005501F0 /* main.m in Sources */ = {isa = PBXBuildFile; fileRef = 188B13C61C0DEA83005501F0 /* main.m */; };
		188B13CA1C0DEA83005501F0 /* AppDelegate.m in Sources */ = {isa = PBXBuildFile; fileRef = 188B13C91C0DEA83005501F0 /* AppDelegate.m */; };
		188B13CD1C0DEA83005501F0 /* HomePage.m in Sources */ = {isa = PBXBuildFile; fileRef = 188B13CC1C0DEA83005501F0 /* HomePage.m */; };
		188B13D01C0DEA84005501F0 /* Main.storyboard in Resources */ = {isa = PBXBuildFile; fileRef = 188B13CE1C0DEA83005501F0 /* Main.storyboard */; };
		188B13D21C0DEA84005501F0 /* Assets.xcassets in Resources */ = {isa = PBXBuildFile; fileRef = 188B13D11C0DEA84005501F0 /* Assets.xcassets */; };
		188B13D51C0DEA84005501F0 /* LaunchScreen.storyboard in Resources */ = {isa = PBXBuildFile; fileRef = 188B13D31C0DEA84005501F0 /* LaunchScreen.storyboard */; };
		188B13E01C0DEA84005501F0 /* ________DemoTests.m in Sources */ = {isa = PBXBuildFile; fileRef = 188B13DF1C0DEA84005501F0 /* ________DemoTests.m */; };
		188B13EB1C0DEA84005501F0 /* ________DemoUITests.m in Sources */ = {isa = PBXBuildFile; fileRef = 188B13EA1C0DEA84005501F0 /* ________DemoUITests.m */; };
		188B13F91C0DEADA005501F0 /* File in Resources */ = {isa = PBXBuildFile; fileRef = 188B13F81C0DEADA005501F0 /* File */; };
/* End PBXBuildFile section */

/* Begin PBXContainerItemProxy section */
		188B13DC1C0DEA84005501F0 /* PBXContainerItemProxy */ = {
			isa = PBXContainerItemProxy;
			containerPortal = 188B13BA1C0DEA83005501F0 /* Project object */;
			proxyType = 1;
			remoteGlobalIDString = 188B13C11C0DEA83005501F0;
			remoteInfo = "网易新闻阅读器的Demo";
		};
		188B13E71C0DEA84005501F0 /* PBXContainerItemProxy */ = {
			isa = PBXContainerItemProxy;
			containerPortal = 188B13BA1C0DEA83005501F0 /* Project object */;
			proxyType = 1;
			remoteGlobalIDString = 188B13C11C0DEA83005501F0;
			remoteInfo = "网易新闻阅读器的Demo";
		};
/* End PBXContainerItemProxy section */

/* Begin PBXFileReference section */
		188B13C21C0DEA83005501F0 /* 网易新闻阅读器的Demo.app */ = {isa = PBXFileReference; explicitFileType = wrapper.application; includeInIndex = 0; path = "网易新闻阅读器的Demo.app"; sourceTree = BUILT_PRODUCTS_DIR; };
		188B13C61C0DEA83005501F0 /* main.m */ = {isa = PBXFileReference; lastKnownFileType = sourcecode.c.objc; path = main.m; sourceTree = "<group>"; };
		188B13C81C0DEA83005501F0 /* AppDelegate.h */ = {isa = PBXFileReference; lastKnownFileType = sourcecode.c.h; path = AppDelegate.h; sourceTree = "<group>"; };
		188B13C91C0DEA83005501F0 /* AppDelegate.m */ = {isa = PBXFileReference; lastKnownFileType = sourcecode.c.objc; path = AppDelegate.m; sourceTree = "<group>"; };
		188B13CB1C0DEA83005501F0 /* HomePage.h */ = {isa = PBXFileReference; lastKnownFileType = sourcecode.c.h; path = HomePage.h; sourceTree = "<group>"; };
		188B13CC1C0DEA83005501F0 /* HomePage.m */ = {isa = PBXFileReference; lastKnownFileType = sourcecode.c.objc; path = HomePage.m; sourceTree = "<group>"; };
		188B13CF1C0DEA83005501F0 /* Base */ = {isa = PBXFileReference; lastKnownFileType = file.storyboard; name = Base; path = Base.lproj/Main.storyboard; sourceTree = "<group>"; };
		188B13D11C0DEA84005501F0 /* Assets.xcassets */ = {isa = PBXFileReference; lastKnownFileType = folder.assetcatalog; path = Assets.xcassets; sourceTree = "<group>"; };
		188B13D41C0DEA84005501F0 /* Base */ = {isa = PBXFileReference; lastKnownFileType = file.storyboard; name = Base; path = Base.lproj/LaunchScreen.storyboard; sourceTree = "<group>"; };
		188B13D61C0DEA84005501F0 /* Info.plist */ = {isa = PBXFileReference; lastKnownFileType = text.plist.xml; path = Info.plist; sourceTree = "<group>"; };
		188B13DB1C0DEA84005501F0 /* 网易新闻阅读器的DemoTests.xctest */ = {isa = PBXFileReference; explicitFileType = wrapper.cfbundle; includeInIndex = 0; path = "网易新闻阅读器的DemoTests.xctest"; sourceTree = BUILT_PRODUCTS_DIR; };
		188B13DF1C0DEA84005501F0 /* ________DemoTests.m */ = {isa = PBXFileReference; lastKnownFileType = sourcecode.c.objc; path = "________DemoTests.m"; sourceTree = "<group>"; };
		188B13E11C0DEA84005501F0 /* Info.plist */ = {isa = PBXFileReference; lastKnownFileType = text.plist.xml; path = Info.plist; sourceTree = "<group>"; };
		188B13E61C0DEA84005501F0 /* 网易新闻阅读器的DemoUITests.xctest */ = {isa = PBXFileReference; explicitFileType = wrapper.cfbundle; includeInIndex = 0; path = "网易新闻阅读器的DemoUITests.xctest"; sourceTree = BUILT_PRODUCTS_DIR; };
		188B13EA1C0DEA84005501F0 /* ________DemoUITests.m */ = {isa = PBXFileReference; lastKnownFileType = sourcecode.c.objc; path = "________DemoUITests.m"; sourceTree = "<group>"; };
		188B13EC1C0DEA84005501F0 /* Info.plist */ = {isa = PBXFileReference; lastKnownFileType = text.plist.xml; path = Info.plist; sourceTree = "<group>"; };
		188B13F81C0DEADA005501F0 /* File */ = {isa = PBXFileReference; fileEncoding = 4; lastKnownFileType = text; path = File; sourceTree = "<group>"; };
		18F3923F1C0DF65400782938 /* Readme */ = {isa = PBXFileReference; lastKnownFileType = text; path = Readme; sourceTree = "<group>"; };
		18F392471C0DF8DA00782938 /* Defines.h */ = {isa = PBXFileReference; fileEncoding = 4; lastKnownFileType = sourcecode.c.h; path = Defines.h; sourceTree = "<group>"; };
/* End PBXFileReference section */

/* Begin PBXFrameworksBuildPhase section */
		188B13BF1C0DEA83005501F0 /* Frameworks */ = {
			isa = PBXFrameworksBuildPhase;
			buildActionMask = 2147483647;
			files = (
			);
			runOnlyForDeploymentPostprocessing = 0;
		};
		188B13D81C0DEA84005501F0 /* Frameworks */ = {
			isa = PBXFrameworksBuildPhase;
			buildActionMask = 2147483647;
			files = (
			);
			runOnlyForDeploymentPostprocessing = 0;
		};
		188B13E31C0DEA84005501F0 /* Frameworks */ = {
			isa = PBXFrameworksBuildPhase;
			buildActionMask = 2147483647;
			files = (
			);
			runOnlyForDeploymentPostprocessing = 0;
		};
/* End PBXFrameworksBuildPhase section */

/* Begin PBXGroup section */
		188B13B91C0DEA83005501F0 = {
			isa = PBXGroup;
			children = (
				18F3923F1C0DF65400782938 /* Readme */,
				188B13F81C0DEADA005501F0 /* File */,
				188B13C41C0DEA83005501F0 /* 网易新闻阅读器的Demo */,
				188B13DE1C0DEA84005501F0 /* 网易新闻阅读器的DemoTests */,
				188B13E91C0DEA84005501F0 /* 网易新闻阅读器的DemoUITests */,
				188B13C31C0DEA83005501F0 /* Products */,
			);
			sourceTree = "<group>";
		};
		188B13C31C0DEA83005501F0 /* Products */ = {
			isa = PBXGroup;
			children = (
				188B13C21C0DEA83005501F0 /* 网易新闻阅读器的Demo.app */,
				188B13DB1C0DEA84005501F0 /* 网易新闻阅读器的DemoTests.xctest */,
				188B13E61C0DEA84005501F0 /* 网易新闻阅读器的DemoUITests.xctest */,
			);
			name = Products;
			sourceTree = "<group>";
		};
		188B13C41C0DEA83005501F0 /* 网易新闻阅读器的Demo */ = {
			isa = PBXGroup;
			children = (
				188B13C81C0DEA83005501F0 /* AppDelegate.h */,
				188B13C91C0DEA83005501F0 /* AppDelegate.m */,
				18F392401C0DF7C700782938 /* Global */,
				18F392421C0DF7E900782938 /* Model */,
				18F392411C0DF7D800782938 /* Controller */,
				18F392431C0DF7F300782938 /* Network */,
				18F392441C0DF82000782938 /* DB */,
				18F392451C0DF83400782938 /* Utility */,
				18F392461C0DF8BB00782938 /* ThirdSDK */,
				18F392481C0DF91D00782938 /* Resource */,
				18F3924F1C0E042D00782938 /* Define */,
				188B13C51C0DEA83005501F0 /* Supporting Files */,
			);
			path = "网易新闻阅读器的Demo";
			sourceTree = "<group>";
		};
		188B13C51C0DEA83005501F0 /* Supporting Files */ = {
			isa = PBXGroup;
			children = (
				188B13C61C0DEA83005501F0 /* main.m */,
			);
			name = "Supporting Files";
			sourceTree = "<group>";
		};
		188B13DE1C0DEA84005501F0 /* 网易新闻阅读器的DemoTests */ = {
			isa = PBXGroup;
			children = (
				188B13DF1C0DEA84005501F0 /* ________DemoTests.m */,
				188B13E11C0DEA84005501F0 /* Info.plist */,
			);
			path = "网易新闻阅读器的DemoTests";
			sourceTree = "<group>";
		};
		188B13E91C0DEA84005501F0 /* 网易新闻阅读器的DemoUITests */ = {
			isa = PBXGroup;
			children = (
				188B13EA1C0DEA84005501F0 /* ________DemoUITests.m */,
				188B13EC1C0DEA84005501F0 /* Info.plist */,
			);
			path = "网易新闻阅读器的DemoUITests";
			sourceTree = "<group>";
		};
		18F392401C0DF7C700782938 /* Global */ = {
			isa = PBXGroup;
			children = (
			);
			name = Global;
			sourceTree = "<group>";
		};
		18F392411C0DF7D800782938 /* Controller */ = {
			isa = PBXGroup;
			children = (
				18F392491C0DF97000782938 /* Page */,
				18F3924B1C0DF98B00782938 /* Widget */,
				18F3924A1C0DF97E00782938 /* Cell */,
			);
			name = Controller;
			sourceTree = "<group>";
		};
		18F392421C0DF7E900782938 /* Model */ = {
			isa = PBXGroup;
			children = (
			);
			name = Model;
			sourceTree = "<group>";
		};
		18F392431C0DF7F300782938 /* Network */ = {
			isa = PBXGroup;
			children = (
			);
			name = Network;
			sourceTree = "<group>";
		};
		18F392441C0DF82000782938 /* DB */ = {
			isa = PBXGroup;
			children = (
			);
			name = DB;
			sourceTree = "<group>";
		};
		18F392451C0DF83400782938 /* Utility */ = {
			isa = PBXGroup;
			children = (
			);
			name = Utility;
			sourceTree = "<group>";
		};
		18F392461C0DF8BB00782938 /* ThirdSDK */ = {
			isa = PBXGroup;
			children = (
			);
			name = ThirdSDK;
			sourceTree = "<group>";
		};
		18F392481C0DF91D00782938 /* Resource */ = {
			isa = PBXGroup;
			children = (
				18F3924D1C0DF9B800782938 /* Image */,
				18F3924C1C0DF9A900782938 /* Config */,
				18F3924E1C0DFB7800782938 /* Xib */,
			);
			name = Resource;
			sourceTree = "<group>";
		};
		18F392491C0DF97000782938 /* Page */ = {
			isa = PBXGroup;
			children = (
				188B13CB1C0DEA83005501F0 /* HomePage.h */,
				188B13CC1C0DEA83005501F0 /* HomePage.m */,
			);
			name = Page;
			sourceTree = "<group>";
		};
		18F3924A1C0DF97E00782938 /* Cell */ = {
			isa = PBXGroup;
			children = (
			);
			name = Cell;
			sourceTree = "<group>";
		};
		18F3924B1C0DF98B00782938 /* Widget */ = {
			isa = PBXGroup;
			children = (
			);
			name = Widget;
			sourceTree = "<group>";
		};
		18F3924C1C0DF9A900782938 /* Config */ = {
			isa = PBXGroup;
			children = (
				188B13D61C0DEA84005501F0 /* Info.plist */,
			);
			name = Config;
			sourceTree = "<group>";
		};
		18F3924D1C0DF9B800782938 /* Image */ = {
			isa = PBXGroup;
			children = (
				188B13D11C0DEA84005501F0 /* Assets.xcassets */,
			);
			name = Image;
			sourceTree = "<group>";
		};
		18F3924E1C0DFB7800782938 /* Xib */ = {
			isa = PBXGroup;
			children = (
				188B13CE1C0DEA83005501F0 /* Main.storyboard */,
				188B13D31C0DEA84005501F0 /* LaunchScreen.storyboard */,
			);
			name = Xib;
			sourceTree = "<group>";
		};
		18F3924F1C0E042D00782938 /* Define */ = {
			isa = PBXGroup;
			children = (
				18F392471C0DF8DA00782938 /* Defines.h */,
			);
			name = Define;
			sourceTree = "<group>";
		};
/* End PBXGroup section */

/* Begin PBXNativeTarget section */
		188B13C11C0DEA83005501F0 /* 网易新闻阅读器的Demo */ = {
			isa = PBXNativeTarget;
			buildConfigurationList = 188B13EF1C0DEA84005501F0 /* Build configuration list for PBXNativeTarget "网易新闻阅读器的Demo" */;
			buildPhases = (
				188B13BE1C0DEA83005501F0 /* Sources */,
				188B13BF1C0DEA83005501F0 /* Frameworks */,
				188B13C01C0DEA83005501F0 /* Resources */,
			);
			buildRules = (
			);
			dependencies = (
			);
			name = "网易新闻阅读器的Demo";
			productName = "网易新闻阅读器的Demo";
			productReference = 188B13C21C0DEA83005501F0 /* 网易新闻阅读器的Demo.app */;
			productType = "com.apple.product-type.application";
		};
		188B13DA1C0DEA84005501F0 /* 网易新闻阅读器的DemoTests */ = {
			isa = PBXNativeTarget;
			buildConfigurationList = 188B13F21C0DEA84005501F0 /* Build configuration list for PBXNativeTarget "网易新闻阅读器的DemoTests" */;
			buildPhases = (
				188B13D71C0DEA84005501F0 /* Sources */,
				188B13D81C0DEA84005501F0 /* Frameworks */,
				188B13D91C0DEA84005501F0 /* Resources */,
			);
			buildRules = (
			);
			dependencies = (
				188B13DD1C0DEA84005501F0 /* PBXTargetDependency */,
			);
			name = "网易新闻阅读器的DemoTests";
			productName = "网易新闻阅读器的DemoTests";
			productReference = 188B13DB1C0DEA84005501F0 /* 网易新闻阅读器的DemoTests.xctest */;
			productType = "com.apple.product-type.bundle.unit-test";
		};
		188B13E51C0DEA84005501F0 /* 网易新闻阅读器的DemoUITests */ = {
			isa = PBXNativeTarget;
			buildConfigurationList = 188B13F51C0DEA84005501F0 /* Build configuration list for PBXNativeTarget "网易新闻阅读器的DemoUITests" */;
			buildPhases = (
				188B13E21C0DEA84005501F0 /* Sources */,
				188B13E31C0DEA84005501F0 /* Frameworks */,
				188B13E41C0DEA84005501F0 /* Resources */,
			);
			buildRules = (
			);
			dependencies = (
				188B13E81C0DEA84005501F0 /* PBXTargetDependency */,
			);
			name = "网易新闻阅读器的DemoUITests";
			productName = "网易新闻阅读器的DemoUITests";
			productReference = 188B13E61C0DEA84005501F0 /* 网易新闻阅读器的DemoUITests.xctest */;
			productType = "com.apple.product-type.bundle.ui-testing";
		};
/* End PBXNativeTarget section */

/* Begin PBXProject section */
		188B13BA1C0DEA83005501F0 /* Project object */ = {
			isa = PBXProject;
			attributes = {
				LastUpgradeCheck = 0710;
				ORGANIZATIONNAME = Archy;
				TargetAttributes = {
					188B13C11C0DEA83005501F0 = {
						CreatedOnToolsVersion = 7.1;
						DevelopmentTeam = 4E5C7JVJ2F;
					};
					188B13DA1C0DEA84005501F0 = {
						CreatedOnToolsVersion = 7.1;
						DevelopmentTeam = 4E5C7JVJ2F;
						TestTargetID = 188B13C11C0DEA83005501F0;
					};
					188B13E51C0DEA84005501F0 = {
						CreatedOnToolsVersion = 7.1;
						DevelopmentTeam = 4E5C7JVJ2F;
						TestTargetID = 188B13C11C0DEA83005501F0;
					};
				};
			};
			buildConfigurationList = 188B13BD1C0DEA83005501F0 /* Build configuration list for PBXProject "网易新闻阅读器的Demo" */;
			compatibilityVersion = "Xcode 3.2";
			developmentRegion = English;
			hasScannedForEncodings = 0;
			knownRegions = (
				en,
				Base,
			);
			mainGroup = 188B13B91C0DEA83005501F0;
			productRefGroup = 188B13C31C0DEA83005501F0 /* Products */;
			projectDirPath = "";
			projectRoot = "";
			targets = (
				188B13C11C0DEA83005501F0 /* 网易新闻阅读器的Demo */,
				188B13DA1C0DEA84005501F0 /* 网易新闻阅读器的DemoTests */,
				188B13E51C0DEA84005501F0 /* 网易新闻阅读器的DemoUITests */,
			);
		};
/* End PBXProject section */

/* Begin PBXResourcesBuildPhase section */
		188B13C01C0DEA83005501F0 /* Resources */ = {
			isa = PBXResourcesBuildPhase;
			buildActionMask = 2147483647;
			files = (
				188B13F91C0DEADA005501F0 /* File in Resources */,
				188B13D51C0DEA84005501F0 /* LaunchScreen.storyboard in Resources */,
				188B13D21C0DEA84005501F0 /* Assets.xcassets in Resources */,
				188B13D01C0DEA84005501F0 /* Main.storyboard in Resources */,
			);
			runOnlyForDeploymentPostprocessing = 0;
		};
		188B13D91C0DEA84005501F0 /* Resources */ = {
			isa = PBXResourcesBuildPhase;
			buildActionMask = 2147483647;
			files = (
			);
			runOnlyForDeploymentPostprocessing = 0;
		};
		188B13E41C0DEA84005501F0 /* Resources */ = {
			isa = PBXResourcesBuildPhase;
			buildActionMask = 2147483647;
			files = (
			);
			runOnlyForDeploymentPostprocessing = 0;
		};
/* End PBXResourcesBuildPhase section */

/* Begin PBXSourcesBuildPhase section */
		188B13BE1C0DEA83005501F0 /* Sources */ = {
			isa = PBXSourcesBuildPhase;
			buildActionMask = 2147483647;
			files = (
				188B13CD1C0DEA83005501F0 /* HomePage.m in Sources */,
				188B13CA1C0DEA83005501F0 /* AppDelegate.m in Sources */,
				188B13C71C0DEA83005501F0 /* main.m in Sources */,
			);
			runOnlyForDeploymentPostprocessing = 0;
		};
		188B13D71C0DEA84005501F0 /* Sources */ = {
			isa = PBXSourcesBuildPhase;
			buildActionMask = 2147483647;
			files = (
				188B13E01C0DEA84005501F0 /* ________DemoTests.m in Sources */,
			);
			runOnlyForDeploymentPostprocessing = 0;
		};
		188B13E21C0DEA84005501F0 /* Sources */ = {
			isa = PBXSourcesBuildPhase;
			buildActionMask = 2147483647;
			files = (
				188B13EB1C0DEA84005501F0 /* ________DemoUITests.m in Sources */,
			);
			runOnlyForDeploymentPostprocessing = 0;
		};
/* End PBXSourcesBuildPhase section */

/* Begin PBXTargetDependency section */
		188B13DD1C0DEA84005501F0 /* PBXTargetDependency */ = {
			isa = PBXTargetDependency;
			target = 188B13C11C0DEA83005501F0 /* 网易新闻阅读器的Demo */;
			targetProxy = 188B13DC1C0DEA84005501F0 /* PBXContainerItemProxy */;
		};
		188B13E81C0DEA84005501F0 /* PBXTargetDependency */ = {
			isa = PBXTargetDependency;
			target = 188B13C11C0DEA83005501F0 /* 网易新闻阅读器的Demo */;
			targetProxy = 188B13E71C0DEA84005501F0 /* PBXContainerItemProxy */;
		};
/* End PBXTargetDependency section */

/* Begin PBXVariantGroup section */
		188B13CE1C0DEA83005501F0 /* Main.storyboard */ = {
			isa = PBXVariantGroup;
			children = (
				188B13CF1C0DEA83005501F0 /* Base */,
			);
			name = Main.storyboard;
			sourceTree = "<group>";
		};
		188B13D31C0DEA84005501F0 /* LaunchScreen.storyboard */ = {
			isa = PBXVariantGroup;
			children = (
				188B13D41C0DEA84005501F0 /* Base */,
			);
			name = LaunchScreen.storyboard;
			sourceTree = "<group>";
		};
/* End PBXVariantGroup section */

/* Begin XCBuildConfiguration section */
		188B13ED1C0DEA84005501F0 /* Debug */ = {
			isa = XCBuildConfiguration;
			buildSettings = {
				ALWAYS_SEARCH_USER_PATHS = NO;
				CLANG_CXX_LANGUAGE_STANDARD = "gnu++0x";
				CLANG_CXX_LIBRARY = "libc++";
				CLANG_ENABLE_MODULES = YES;
				CLANG_ENABLE_OBJC_ARC = YES;
				CLANG_WARN_BOOL_CONVERSION = YES;
				CLANG_WARN_CONSTANT_CONVERSION = YES;
				CLANG_WARN_DIRECT_OBJC_ISA_USAGE = YES_ERROR;
				CLANG_WARN_EMPTY_BODY = YES;
				CLANG_WARN_ENUM_CONVERSION = YES;
				CLANG_WARN_INT_CONVERSION = YES;
				CLANG_WARN_OBJC_ROOT_CLASS = YES_ERROR;
				CLANG_WARN_UNREACHABLE_CODE = YES;
				CLANG_WARN__DUPLICATE_METHOD_MATCH = YES;
				"CODE_SIGN_IDENTITY[sdk=iphoneos*]" = "iPhone Developer";
				COPY_PHASE_STRIP = NO;
				DEBUG_INFORMATION_FORMAT = dwarf;
				ENABLE_STRICT_OBJC_MSGSEND = YES;
				ENABLE_TESTABILITY = YES;
				GCC_C_LANGUAGE_STANDARD = gnu99;
				GCC_DYNAMIC_NO_PIC = NO;
				GCC_NO_COMMON_BLOCKS = YES;
				GCC_OPTIMIZATION_LEVEL = 0;
				GCC_PREPROCESSOR_DEFINITIONS = (
					"DEBUG=1",
					"$(inherited)",
				);
				GCC_WARN_64_TO_32_BIT_CONVERSION = YES;
				GCC_WARN_ABOUT_RETURN_TYPE = YES_ERROR;
				GCC_WARN_UNDECLARED_SELECTOR = YES;
				GCC_WARN_UNINITIALIZED_AUTOS = YES_AGGRESSIVE;
				GCC_WARN_UNUSED_FUNCTION = YES;
				GCC_WARN_UNUSED_VARIABLE = YES;
				IPHONEOS_DEPLOYMENT_TARGET = 9.1;
				MTL_ENABLE_DEBUG_INFO = YES;
				ONLY_ACTIVE_ARCH = YES;
				SDKROOT = iphoneos;
				TARGETED_DEVICE_FAMILY = "1,2";
			};
			name = Debug;
		};
		188B13EE1C0DEA84005501F0 /* Release */ = {
			isa = XCBuildConfiguration;
			buildSettings = {
				ALWAYS_SEARCH_USER_PATHS = NO;
				CLANG_CXX_LANGUAGE_STANDARD = "gnu++0x";
				CLANG_CXX_LIBRARY = "libc++";
				CLANG_ENABLE_MODULES = YES;
				CLANG_ENABLE_OBJC_ARC = YES;
				CLANG_WARN_BOOL_CONVERSION = YES;
				CLANG_WARN_CONSTANT_CONVERSION = YES;
				CLANG_WARN_DIRECT_OBJC_ISA_USAGE = YES_ERROR;
				CLANG_WARN_EMPTY_BODY = YES;
				CLANG_WARN_ENUM_CONVERSION = YES;
				CLANG_WARN_INT_CONVERSION = YES;
				CLANG_WARN_OBJC_ROOT_CLASS = YES_ERROR;
				CLANG_WARN_UNREACHABLE_CODE = YES;
				CLANG_WARN__DUPLICATE_METHOD_MATCH = YES;
				"CODE_SIGN_IDENTITY[sdk=iphoneos*]" = "iPhone Developer";
				COPY_PHASE_STRIP = NO;
				DEBUG_INFORMATION_FORMAT = "dwarf-with-dsym";
				ENABLE_NS_ASSERTIONS = NO;
				ENABLE_STRICT_OBJC_MSGSEND = YES;
				GCC_C_LANGUAGE_STANDARD = gnu99;
				GCC_NO_COMMON_BLOCKS = YES;
				GCC_WARN_64_TO_32_BIT_CONVERSION = YES;
				GCC_WARN_ABOUT_RETURN_TYPE = YES_ERROR;
				GCC_WARN_UNDECLARED_SELECTOR = YES;
				GCC_WARN_UNINITIALIZED_AUTOS = YES_AGGRESSIVE;
				GCC_WARN_UNUSED_FUNCTION = YES;
				GCC_WARN_UNUSED_VARIABLE = YES;
				IPHONEOS_DEPLOYMENT_TARGET = 9.1;
				MTL_ENABLE_DEBUG_INFO = NO;
				SDKROOT = iphoneos;
				TARGETED_DEVICE_FAMILY = "1,2";
				VALIDATE_PRODUCT = YES;
			};
			name = Release;
		};
		188B13F01C0DEA84005501F0 /* Debug */ = {
			isa = XCBuildConfiguration;
			buildSettings = {
				ASSETCATALOG_COMPILER_APPICON_NAME = AppIcon;
				INFOPLIST_FILE = "网易新闻阅读器的Demo/Info.plist";
				LD_RUNPATH_SEARCH_PATHS = "$(inherited) @executable_path/Frameworks";
				PRODUCT_BUNDLE_IDENTIFIER = "Archy.--------Demo";
				PRODUCT_NAME = "$(TARGET_NAME)";
			};
			name = Debug;
		};
		188B13F11C0DEA84005501F0 /* Release */ = {
			isa = XCBuildConfiguration;
			buildSettings = {
				ASSETCATALOG_COMPILER_APPICON_NAME = AppIcon;
				INFOPLIST_FILE = "网易新闻阅读器的Demo/Info.plist";
				LD_RUNPATH_SEARCH_PATHS = "$(inherited) @executable_path/Frameworks";
				PRODUCT_BUNDLE_IDENTIFIER = "Archy.--------Demo";
				PRODUCT_NAME = "$(TARGET_NAME)";
			};
			name = Release;
		};
		188B13F31C0DEA84005501F0 /* Debug */ = {
			isa = XCBuildConfiguration;
			buildSettings = {
				BUNDLE_LOADER = "$(TEST_HOST)";
				INFOPLIST_FILE = "网易新闻阅读器的DemoTests/Info.plist";
				LD_RUNPATH_SEARCH_PATHS = "$(inherited) @executable_path/Frameworks @loader_path/Frameworks";
				PRODUCT_BUNDLE_IDENTIFIER = "Archy.--------DemoTests";
				PRODUCT_NAME = "$(TARGET_NAME)";
				TEST_HOST = "$(BUILT_PRODUCTS_DIR)/网易新闻阅读器的Demo.app/网易新闻阅读器的Demo";
			};
			name = Debug;
		};
		188B13F41C0DEA84005501F0 /* Release */ = {
			isa = XCBuildConfiguration;
			buildSettings = {
				BUNDLE_LOADER = "$(TEST_HOST)";
				INFOPLIST_FILE = "网易新闻阅读器的DemoTests/Info.plist";
				LD_RUNPATH_SEARCH_PATHS = "$(inherited) @executable_path/Frameworks @loader_path/Frameworks";
				PRODUCT_BUNDLE_IDENTIFIER = "Archy.--------DemoTests";
				PRODUCT_NAME = "$(TARGET_NAME)";
				TEST_HOST = "$(BUILT_PRODUCTS_DIR)/网易新闻阅读器的Demo.app/网易新闻阅读器的Demo";
			};
			name = Release;
		};
		188B13F61C0DEA84005501F0 /* Debug */ = {
			isa = XCBuildConfiguration;
			buildSettings = {
				INFOPLIST_FILE = "网易新闻阅读器的DemoUITests/Info.plist";
				LD_RUNPATH_SEARCH_PATHS = "$(inherited) @executable_path/Frameworks @loader_path/Frameworks";
				PRODUCT_BUNDLE_IDENTIFIER = "Archy.--------DemoUITests";
				PRODUCT_NAME = "$(TARGET_NAME)";
				TEST_TARGET_NAME = "网易新闻阅读器的Demo";
				USES_XCTRUNNER = YES;
			};
			name = Debug;
		};
		188B13F71C0DEA84005501F0 /* Release */ = {
			isa = XCBuildConfiguration;
			buildSettings = {
				INFOPLIST_FILE = "网易新闻阅读器的DemoUITests/Info.plist";
				LD_RUNPATH_SEARCH_PATHS = "$(inherited) @executable_path/Frameworks @loader_path/Frameworks";
				PRODUCT_BUNDLE_IDENTIFIER = "Archy.--------DemoUITests";
				PRODUCT_NAME = "$(TARGET_NAME)";
				TEST_TARGET_NAME = "网易新闻阅读器的Demo";
				USES_XCTRUNNER = YES;
			};
			name = Release;
		};
		18F3928B1C0F30C200782938 /* AppStore */ = {
			isa = XCBuildConfiguration;
			buildSettings = {
				ALWAYS_SEARCH_USER_PATHS = NO;
				CLANG_CXX_LANGUAGE_STANDARD = "gnu++0x";
				CLANG_CXX_LIBRARY = "libc++";
				CLANG_ENABLE_MODULES = YES;
				CLANG_ENABLE_OBJC_ARC = YES;
				CLANG_WARN_BOOL_CONVERSION = YES;
				CLANG_WARN_CONSTANT_CONVERSION = YES;
				CLANG_WARN_DIRECT_OBJC_ISA_USAGE = YES_ERROR;
				CLANG_WARN_EMPTY_BODY = YES;
				CLANG_WARN_ENUM_CONVERSION = YES;
				CLANG_WARN_INT_CONVERSION = YES;
				CLANG_WARN_OBJC_ROOT_CLASS = YES_ERROR;
				CLANG_WARN_UNREACHABLE_CODE = YES;
				CLANG_WARN__DUPLICATE_METHOD_MATCH = YES;
				"CODE_SIGN_IDENTITY[sdk=iphoneos*]" = "iPhone Developer";
				COPY_PHASE_STRIP = NO;
				DEBUG_INFORMATION_FORMAT = "dwarf-with-dsym";
				ENABLE_NS_ASSERTIONS = NO;
				ENABLE_STRICT_OBJC_MSGSEND = YES;
				GCC_C_LANGUAGE_STANDARD = gnu99;
				GCC_NO_COMMON_BLOCKS = YES;
				GCC_WARN_64_TO_32_BIT_CONVERSION = YES;
				GCC_WARN_ABOUT_RETURN_TYPE = YES_ERROR;
				GCC_WARN_UNDECLARED_SELECTOR = YES;
				GCC_WARN_UNINITIALIZED_AUTOS = YES_AGGRESSIVE;
				GCC_WARN_UNUSED_FUNCTION = YES;
				GCC_WARN_UNUSED_VARIABLE = YES;
				IPHONEOS_DEPLOYMENT_TARGET = 9.1;
				MTL_ENABLE_DEBUG_INFO = NO;
				SDKROOT = iphoneos;
				TARGETED_DEVICE_FAMILY = "1,2";
				VALIDATE_PRODUCT = YES;
			};
			name = AppStore;
		};
		18F3928C1C0F30C200782938 /* AppStore */ = {
			isa = XCBuildConfiguration;
			buildSettings = {
				ASSETCATALOG_COMPILER_APPICON_NAME = AppIcon;
				"CODE_SIGN_IDENTITY[sdk=iphoneos*]" = "iPhone Developer: wq0537@hotmail.com (3HFJER4462)";
				INFOPLIST_FILE = "网易新闻阅读器的Demo/Info.plist";
				LD_RUNPATH_SEARCH_PATHS = "$(inherited) @executable_path/Frameworks";
				PRODUCT_BUNDLE_IDENTIFIER = "Archy.--------Demo";
				PRODUCT_NAME = "$(TARGET_NAME)";
			};
			name = AppStore;
		};
		18F3928D1C0F30C200782938 /* AppStore */ = {
			isa = XCBuildConfiguration;
			buildSettings = {
				BUNDLE_LOADER = "$(TEST_HOST)";
				INFOPLIST_FILE = "网易新闻阅读器的DemoTests/Info.plist";
				LD_RUNPATH_SEARCH_PATHS = "$(inherited) @executable_path/Frameworks @loader_path/Frameworks";
				PRODUCT_BUNDLE_IDENTIFIER = "Archy.--------DemoTests";
				PRODUCT_NAME = "$(TARGET_NAME)";
				TEST_HOST = "$(BUILT_PRODUCTS_DIR)/网易新闻阅读器的Demo.app/网易新闻阅读器的Demo";
			};
			name = AppStore;
		};
		18F3928E1C0F30C200782938 /* AppStore */ = {
			isa = XCBuildConfiguration;
			buildSettings = {
				INFOPLIST_FILE = "网易新闻阅读器的DemoUITests/Info.plist";
				LD_RUNPATH_SEARCH_PATHS = "$(inherited) @executable_path/Frameworks @loader_path/Frameworks";
				PRODUCT_BUNDLE_IDENTIFIER = "Archy.--------DemoUITests";
				PRODUCT_NAME = "$(TARGET_NAME)";
				TEST_TARGET_NAME = "网易新闻阅读器的Demo";
				USES_XCTRUNNER = YES;
			};
			name = AppStore;
		};
		18F3928F1C0F30CF00782938 /* Enterprise */ = {
			isa = XCBuildConfiguration;
			buildSettings = {
				ALWAYS_SEARCH_USER_PATHS = NO;
				CLANG_CXX_LANGUAGE_STANDARD = "gnu++0x";
				CLANG_CXX_LIBRARY = "libc++";
				CLANG_ENABLE_MODULES = YES;
				CLANG_ENABLE_OBJC_ARC = YES;
				CLANG_WARN_BOOL_CONVERSION = YES;
				CLANG_WARN_CONSTANT_CONVERSION = YES;
				CLANG_WARN_DIRECT_OBJC_ISA_USAGE = YES_ERROR;
				CLANG_WARN_EMPTY_BODY = YES;
				CLANG_WARN_ENUM_CONVERSION = YES;
				CLANG_WARN_INT_CONVERSION = YES;
				CLANG_WARN_OBJC_ROOT_CLASS = YES_ERROR;
				CLANG_WARN_UNREACHABLE_CODE = YES;
				CLANG_WARN__DUPLICATE_METHOD_MATCH = YES;
				"CODE_SIGN_IDENTITY[sdk=iphoneos*]" = "iPhone Developer";
				COPY_PHASE_STRIP = NO;
				DEBUG_INFORMATION_FORMAT = "dwarf-with-dsym";
				ENABLE_NS_ASSERTIONS = NO;
				ENABLE_STRICT_OBJC_MSGSEND = YES;
				GCC_C_LANGUAGE_STANDARD = gnu99;
				GCC_NO_COMMON_BLOCKS = YES;
				GCC_WARN_64_TO_32_BIT_CONVERSION = YES;
				GCC_WARN_ABOUT_RETURN_TYPE = YES_ERROR;
				GCC_WARN_UNDECLARED_SELECTOR = YES;
				GCC_WARN_UNINITIALIZED_AUTOS = YES_AGGRESSIVE;
				GCC_WARN_UNUSED_FUNCTION = YES;
				GCC_WARN_UNUSED_VARIABLE = YES;
				IPHONEOS_DEPLOYMENT_TARGET = 9.1;
				MTL_ENABLE_DEBUG_INFO = NO;
				SDKROOT = iphoneos;
				TARGETED_DEVICE_FAMILY = "1,2";
				VALIDATE_PRODUCT = YES;
			};
			name = Enterprise;
		};
		18F392901C0F30CF00782938 /* Enterprise */ = {
			isa = XCBuildConfiguration;
			buildSettings = {
				ASSETCATALOG_COMPILER_APPICON_NAME = AppIcon;
				INFOPLIST_FILE = "网易新闻阅读器的Demo/Info.plist";
				LD_RUNPATH_SEARCH_PATHS = "$(inherited) @executable_path/Frameworks";
				PRODUCT_BUNDLE_IDENTIFIER = "Archy.--------Demo";
				PRODUCT_NAME = "$(TARGET_NAME)";
			};
			name = Enterprise;
		};
		18F392911C0F30CF00782938 /* Enterprise */ = {
			isa = XCBuildConfiguration;
			buildSettings = {
				BUNDLE_LOADER = "$(TEST_HOST)";
				INFOPLIST_FILE = "网易新闻阅读器的DemoTests/Info.plist";
				LD_RUNPATH_SEARCH_PATHS = "$(inherited) @executable_path/Frameworks @loader_path/Frameworks";
				PRODUCT_BUNDLE_IDENTIFIER = "Archy.--------DemoTests";
				PRODUCT_NAME = "$(TARGET_NAME)";
				TEST_HOST = "$(BUILT_PRODUCTS_DIR)/网易新闻阅读器的Demo.app/网易新闻阅读器的Demo";
			};
			name = Enterprise;
		};
		18F392921C0F30CF00782938 /* Enterprise */ = {
			isa = XCBuildConfiguration;
			buildSettings = {
				INFOPLIST_FILE = "网易新闻阅读器的DemoUITests/Info.plist";
				LD_RUNPATH_SEARCH_PATHS = "$(inherited) @executable_path/Frameworks @loader_path/Frameworks";
				PRODUCT_BUNDLE_IDENTIFIER = "Archy.--------DemoUITests";
				PRODUCT_NAME = "$(TARGET_NAME)";
				TEST_TARGET_NAME = "网易新闻阅读器的Demo";
				USES_XCTRUNNER = YES;
			};
			name = Enterprise;
		};
		18F392931C0F30ED00782938 /* AdHoc */ = {
			isa = XCBuildConfiguration;
			buildSettings = {
				ALWAYS_SEARCH_USER_PATHS = NO;
				CLANG_CXX_LANGUAGE_STANDARD = "gnu++0x";
				CLANG_CXX_LIBRARY = "libc++";
				CLANG_ENABLE_MODULES = YES;
				CLANG_ENABLE_OBJC_ARC = YES;
				CLANG_WARN_BOOL_CONVERSION = YES;
				CLANG_WARN_CONSTANT_CONVERSION = YES;
				CLANG_WARN_DIRECT_OBJC_ISA_USAGE = YES_ERROR;
				CLANG_WARN_EMPTY_BODY = YES;
				CLANG_WARN_ENUM_CONVERSION = YES;
				CLANG_WARN_INT_CONVERSION = YES;
				CLANG_WARN_OBJC_ROOT_CLASS = YES_ERROR;
				CLANG_WARN_UNREACHABLE_CODE = YES;
				CLANG_WARN__DUPLICATE_METHOD_MATCH = YES;
				"CODE_SIGN_IDENTITY[sdk=iphoneos*]" = "iPhone Developer";
				COPY_PHASE_STRIP = NO;
				DEBUG_INFORMATION_FORMAT = "dwarf-with-dsym";
				ENABLE_NS_ASSERTIONS = NO;
				ENABLE_STRICT_OBJC_MSGSEND = YES;
				GCC_C_LANGUAGE_STANDARD = gnu99;
				GCC_NO_COMMON_BLOCKS = YES;
				GCC_WARN_64_TO_32_BIT_CONVERSION = YES;
				GCC_WARN_ABOUT_RETURN_TYPE = YES_ERROR;
				GCC_WARN_UNDECLARED_SELECTOR = YES;
				GCC_WARN_UNINITIALIZED_AUTOS = YES_AGGRESSIVE;
				GCC_WARN_UNUSED_FUNCTION = YES;
				GCC_WARN_UNUSED_VARIABLE = YES;
				IPHONEOS_DEPLOYMENT_TARGET = 9.1;
				MTL_ENABLE_DEBUG_INFO = NO;
				SDKROOT = iphoneos;
				TARGETED_DEVICE_FAMILY = "1,2";
				VALIDATE_PRODUCT = YES;
			};
			name = AdHoc;
		};
		18F392941C0F30ED00782938 /* AdHoc */ = {
			isa = XCBuildConfiguration;
			buildSettings = {
				ASSETCATALOG_COMPILER_APPICON_NAME = AppIcon;
				INFOPLIST_FILE = "网易新闻阅读器的Demo/Info.plist";
				LD_RUNPATH_SEARCH_PATHS = "$(inherited) @executable_path/Frameworks";
				PRODUCT_BUNDLE_IDENTIFIER = "Archy.--------Demo";
				PRODUCT_NAME = "$(TARGET_NAME)";
			};
			name = AdHoc;
		};
		18F392951C0F30ED00782938 /* AdHoc */ = {
			isa = XCBuildConfiguration;
			buildSettings = {
				BUNDLE_LOADER = "$(TEST_HOST)";
				INFOPLIST_FILE = "网易新闻阅读器的DemoTests/Info.plist";
				LD_RUNPATH_SEARCH_PATHS = "$(inherited) @executable_path/Frameworks @loader_path/Frameworks";
				PRODUCT_BUNDLE_IDENTIFIER = "Archy.--------DemoTests";
				PRODUCT_NAME = "$(TARGET_NAME)";
				TEST_HOST = "$(BUILT_PRODUCTS_DIR)/网易新闻阅读器的Demo.app/网易新闻阅读器的Demo";
			};
			name = AdHoc;
		};
		18F392961C0F30ED00782938 /* AdHoc */ = {
			isa = XCBuildConfiguration;
			buildSettings = {
				INFOPLIST_FILE = "网易新闻阅读器的DemoUITests/Info.plist";
				LD_RUNPATH_SEARCH_PATHS = "$(inherited) @executable_path/Frameworks @loader_path/Frameworks";
				PRODUCT_BUNDLE_IDENTIFIER = "Archy.--------DemoUITests";
				PRODUCT_NAME = "$(TARGET_NAME)";
				TEST_TARGET_NAME = "网易新闻阅读器的Demo";
				USES_XCTRUNNER = YES;
			};
			name = AdHoc;
		};
/* End XCBuildConfiguration section */

/* Begin XCConfigurationList section */
		188B13BD1C0DEA83005501F0 /* Build configuration list for PBXProject "网易新闻阅读器的Demo" */ = {
			isa = XCConfigurationList;
			buildConfigurations = (
				188B13ED1C0DEA84005501F0 /* Debug */,
				188B13EE1C0DEA84005501F0 /* Release */,
				18F3928F1C0F30CF00782938 /* Enterprise */,
				18F3928B1C0F30C200782938 /* AppStore */,
				18F392931C0F30ED00782938 /* AdHoc */,
			);
			defaultConfigurationIsVisible = 0;
			defaultConfigurationName = Release;
		};
		188B13EF1C0DEA84005501F0 /* Build configuration list for PBXNativeTarget "网易新闻阅读器的Demo" */ = {
			isa = XCConfigurationList;
			buildConfigurations = (
				188B13F01C0DEA84005501F0 /* Debug */,
				188B13F11C0DEA84005501F0 /* Release */,
				18F392901C0F30CF00782938 /* Enterprise */,
				18F3928C1C0F30C200782938 /* AppStore */,
				18F392941C0F30ED00782938 /* AdHoc */,
			);
			defaultConfigurationIsVisible = 0;
			defaultConfigurationName = Release;
		};
		188B13F21C0DEA84005501F0 /* Build configuration list for PBXNativeTarget "网易新闻阅读器的DemoTests" */ = {
			isa = XCConfigurationList;
			buildConfigurations = (
				188B13F31C0DEA84005501F0 /* Debug */,
				188B13F41C0DEA84005501F0 /* Release */,
				18F392911C0F30CF00782938 /* Enterprise */,
				18F3928D1C0F30C200782938 /* AppStore */,
				18F392951C0F30ED00782938 /* AdHoc */,
			);
			defaultConfigurationIsVisible = 0;
			defaultConfigurationName = Release;
		};
		188B13F51C0DEA84005501F0 /* Build configuration list for PBXNativeTarget "网易新闻阅读器的DemoUITests" */ = {
			isa = XCConfigurationList;
			buildConfigurations = (
				188B13F61C0DEA84005501F0 /* Debug */,
				188B13F71C0DEA84005501F0 /* Release */,
				18F392921C0F30CF00782938 /* Enterprise */,
				18F3928E1C0F30C200782938 /* AppStore */,
				18F392961C0F30ED00782938 /* AdHoc */,
			);
			defaultConfigurationIsVisible = 0;
			defaultConfigurationName = Release;
		};
/* End XCConfigurationList section */
	};
	rootObject = 188B13BA1C0DEA83005501F0 /* Project object */;
}
